
Microsoft Visual Studio Solution File, Format Version 12.00
# Visual Studio Version 16
VisualStudioVersion = 16.0.30804.86
MinimumVisualStudioVersion = 10.0.40219.1
Project("{FAE04EC0-301F-11D3-BF4B-00C04F79EFBC}") = "DzMiddlewareArticle", "DzMiddlewareArticle\DzMiddlewareArticle.csproj", "{D929BD31-2532-4FBE-B7FE-8C6186CD486A}"
EndProject
Project("{FAE04EC0-301F-11D3-BF4B-00C04F79EFBC}") = "Interfaces", "Interfaces\Interfaces.csproj", "{C7BADBD5-3EC4-4B8A-B2D0-995EAB87E00E}"
EndProject
Project("{FAE04EC0-301F-11D3-BF4B-00C04F79EFBC}") = "Services", "Services\Services.csproj", "{C8820AEC-58C5-4E93-B007-4022CAA0C7F3}"
EndProject
Global
	GlobalSection(SolutionConfigurationPlatforms) = preSolution
		Debug|Any CPU = Debug|Any CPU
		Release|Any CPU = Release|Any CPU
	EndGlobalSection
	GlobalSection(ProjectConfigurationPlatforms) = postSolution
		{D929BD31-2532-4FBE-B7FE-8C6186CD486A}.Debug|Any CPU.ActiveCfg = Debug|Any CPU
		{D929BD31-2532-4FBE-B7FE-8C6186CD486A}.Debug|Any CPU.Build.0 = Debug|Any CPU
		{D929BD31-2532-4FBE-B7FE-8C6186CD486A}.Release|Any CPU.ActiveCfg = Release|Any CPU
		{D929BD31-2532-4FBE-B7FE-8C6186CD486A}.Release|Any CPU.Build.0 = Release|Any CPU
		{C7BADBD5-3EC4-4B8A-B2D0-995EAB87E00E}.Debug|Any CPU.ActiveCfg = Debug|Any CPU
		{C7BADBD5-3EC4-4B8A-B2D0-995EAB87E00E}.Debug|Any CPU.Build.0 = Debug|Any CPU
		{C7BADBD5-3EC4-4B8A-B2D0-995EAB87E00E}.Release|Any CPU.ActiveCfg = Release|Any CPU
		{C7BADBD5-3EC4-4B8A-B2D0-995EAB87E00E}.Release|Any CPU.Build.0 = Release|Any CPU
		{C8820AEC-58C5-4E93-B007-4022CAA0C7F3}.Debug|Any CPU.ActiveCfg = Debug|Any CPU
		{C8820AEC-58C5-4E93-B007-4022CAA0C7F3}.Debug|Any CPU.Build.0 = Debug|Any CPU
		{C8820AEC-58C5-4E93-B007-4022CAA0C7F3}.Release|Any CPU.ActiveCfg = Release|Any CPU
		{C8820AEC-58C5-4E93-B007-4022CAA0C7F3}.Release|Any CPU.Build.0 = Release|Any CPU
	EndGlobalSection
	GlobalSection(SolutionProperties) = preSolution
		HideSolutionNode = FALSE
	EndGlobalSection
	GlobalSection(ExtensibilityGlobals) = postSolution
		SolutionGuid = {145243F1-26F1-4952-9442-D02279149B6C}
	EndGlobalSection
EndGlobal
